
Microsoft Visual Studio Solution File, Format Version 12.00
# Visual Studio Version 17
VisualStudioVersion = 17.1.32228.430
MinimumVisualStudioVersion = 10.0.40219.1
Project("{9A19103F-16F7-4668-BE54-9A1E7A4F7556}") = "Task_2_1", "Task_2_1\Task_2_1.csproj", "{40024C66-8917-4718-B804-3A237D61F3B1}"
EndProject
Project("{FAE04EC0-301F-11D3-BF4B-00C04F79EFBC}") = "Task_2_1_tests", "Task_2_1_tests\Task_2_1_tests.csproj", "{966F3662-1356-478A-804C-C163D4E51D59}"
EndProject
Global
	GlobalSection(SolutionConfigurationPlatforms) = preSolution
		Debug|Any CPU = Debug|Any CPU
		Release|Any CPU = Release|Any CPU
	EndGlobalSection
	GlobalSection(ProjectConfigurationPlatforms) = postSolution
		{40024C66-8917-4718-B804-3A237D61F3B1}.Debug|Any CPU.ActiveCfg = Debug|Any CPU
		{40024C66-8917-4718-B804-3A237D61F3B1}.Debug|Any CPU.Build.0 = Debug|Any CPU
		{40024C66-8917-4718-B804-3A237D61F3B1}.Release|Any CPU.ActiveCfg = Release|Any CPU
		{40024C66-8917-4718-B804-3A237D61F3B1}.Release|Any CPU.Build.0 = Release|Any CPU
		{966F3662-1356-478A-804C-C163D4E51D59}.Debug|Any CPU.ActiveCfg = Debug|Any CPU
		{966F3662-1356-478A-804C-C163D4E51D59}.Debug|Any CPU.Build.0 = Debug|Any CPU
		{966F3662-1356-478A-804C-C163D4E51D59}.Release|Any CPU.ActiveCfg = Release|Any CPU
		{966F3662-1356-478A-804C-C163D4E51D59}.Release|Any CPU.Build.0 = Release|Any CPU
	EndGlobalSection
	GlobalSection(SolutionProperties) = preSolution
		HideSolutionNode = FALSE
	EndGlobalSection
	GlobalSection(ExtensibilityGlobals) = postSolution
		SolutionGuid = {0CAF75E0-ED4D-4870-87C4-55529C0D63BC}
	EndGlobalSection
EndGlobal
