
Microsoft Visual Studio Solution File, Format Version 12.00
# Visual Studio Version 17
VisualStudioVersion = 17.1.32414.318
MinimumVisualStudioVersion = 10.0.40219.1
Project("{FAE04EC0-301F-11D3-BF4B-00C04F79EFBC}") = "Task5_1", "Task5_1\Task5_1.csproj", "{1E414C68-76C6-4B84-B89F-83F4170723DA}"
EndProject
Project("{FAE04EC0-301F-11D3-BF4B-00C04F79EFBC}") = "TestProject1", "TestProject1\TestProject1.csproj", "{2B5BD575-BC24-4C82-8311-AE66A530FB3F}"
EndProject
Global
	GlobalSection(SolutionConfigurationPlatforms) = preSolution
		Debug|Any CPU = Debug|Any CPU
		Release|Any CPU = Release|Any CPU
	EndGlobalSection
	GlobalSection(ProjectConfigurationPlatforms) = postSolution
		{1E414C68-76C6-4B84-B89F-83F4170723DA}.Debug|Any CPU.ActiveCfg = Debug|Any CPU
		{1E414C68-76C6-4B84-B89F-83F4170723DA}.Debug|Any CPU.Build.0 = Debug|Any CPU
		{1E414C68-76C6-4B84-B89F-83F4170723DA}.Release|Any CPU.ActiveCfg = Release|Any CPU
		{1E414C68-76C6-4B84-B89F-83F4170723DA}.Release|Any CPU.Build.0 = Release|Any CPU
		{2B5BD575-BC24-4C82-8311-AE66A530FB3F}.Debug|Any CPU.ActiveCfg = Debug|Any CPU
		{2B5BD575-BC24-4C82-8311-AE66A530FB3F}.Debug|Any CPU.Build.0 = Debug|Any CPU
		{2B5BD575-BC24-4C82-8311-AE66A530FB3F}.Release|Any CPU.ActiveCfg = Release|Any CPU
		{2B5BD575-BC24-4C82-8311-AE66A530FB3F}.Release|Any CPU.Build.0 = Release|Any CPU
	EndGlobalSection
	GlobalSection(SolutionProperties) = preSolution
		HideSolutionNode = FALSE
	EndGlobalSection
	GlobalSection(ExtensibilityGlobals) = postSolution
		SolutionGuid = {A10C255A-E54A-4297-B468-2BAB2A3868CD}
	EndGlobalSection
EndGlobal
