
Microsoft Visual Studio Solution File, Format Version 12.00
# Visual Studio Version 17
VisualStudioVersion = 17.1.32414.318
MinimumVisualStudioVersion = 10.0.40219.1
Project("{FAE04EC0-301F-11D3-BF4B-00C04F79EFBC}") = "Task7_1", "Task7_1\Task7_1.csproj", "{B58EE000-1E20-4379-B0E7-48E840F1801F}"
EndProject
Project("{FAE04EC0-301F-11D3-BF4B-00C04F79EFBC}") = "TestProject1", "TestProject1\TestProject1.csproj", "{17941B13-2901-43BB-B7C4-9CBAF3EADF85}"
EndProject
Global
	GlobalSection(SolutionConfigurationPlatforms) = preSolution
		Debug|Any CPU = Debug|Any CPU
		Release|Any CPU = Release|Any CPU
	EndGlobalSection
	GlobalSection(ProjectConfigurationPlatforms) = postSolution
		{B58EE000-1E20-4379-B0E7-48E840F1801F}.Debug|Any CPU.ActiveCfg = Debug|Any CPU
		{B58EE000-1E20-4379-B0E7-48E840F1801F}.Debug|Any CPU.Build.0 = Debug|Any CPU
		{B58EE000-1E20-4379-B0E7-48E840F1801F}.Release|Any CPU.ActiveCfg = Release|Any CPU
		{B58EE000-1E20-4379-B0E7-48E840F1801F}.Release|Any CPU.Build.0 = Release|Any CPU
		{17941B13-2901-43BB-B7C4-9CBAF3EADF85}.Debug|Any CPU.ActiveCfg = Debug|Any CPU
		{17941B13-2901-43BB-B7C4-9CBAF3EADF85}.Debug|Any CPU.Build.0 = Debug|Any CPU
		{17941B13-2901-43BB-B7C4-9CBAF3EADF85}.Release|Any CPU.ActiveCfg = Release|Any CPU
		{17941B13-2901-43BB-B7C4-9CBAF3EADF85}.Release|Any CPU.Build.0 = Release|Any CPU
	EndGlobalSection
	GlobalSection(SolutionProperties) = preSolution
		HideSolutionNode = FALSE
	EndGlobalSection
	GlobalSection(ExtensibilityGlobals) = postSolution
		SolutionGuid = {2BF3A5D0-71A5-43E3-909C-15D8BD19DB24}
	EndGlobalSection
EndGlobal
